
Microsoft Visual Studio Solution File, Format Version 12.00
# Visual Studio Version 17
VisualStudioVersion = 17.1.32319.34
MinimumVisualStudioVersion = 10.0.40219.1
Project("{9A19103F-16F7-4668-BE54-9A1E7A4F7556}") = "Dynamic_DI", "DI\Dynamic_DI.csproj", "{0D5446FB-1A8A-464E-806C-9F9694F933F7}"
EndProject
Global
	GlobalSection(SolutionConfigurationPlatforms) = preSolution
		Debug|Any CPU = Debug|Any CPU
		Release|Any CPU = Release|Any CPU
	EndGlobalSection
	GlobalSection(ProjectConfigurationPlatforms) = postSolution
		{0D5446FB-1A8A-464E-806C-9F9694F933F7}.Debug|Any CPU.ActiveCfg = Debug|Any CPU
		{0D5446FB-1A8A-464E-806C-9F9694F933F7}.Debug|Any CPU.Build.0 = Debug|Any CPU
		{0D5446FB-1A8A-464E-806C-9F9694F933F7}.Release|Any CPU.ActiveCfg = Release|Any CPU
		{0D5446FB-1A8A-464E-806C-9F9694F933F7}.Release|Any CPU.Build.0 = Release|Any CPU
	EndGlobalSection
	GlobalSection(SolutionProperties) = preSolution
		HideSolutionNode = FALSE
	EndGlobalSection
	GlobalSection(ExtensibilityGlobals) = postSolution
		SolutionGuid = {6304783B-82E7-4ABD-AB3D-D170E4E9399B}
	EndGlobalSection
EndGlobal
